github.com/gammazero/deque v0.1.0 h1:f9LnNmq66VDeuAlSAapemq/U7hJ2jpIWa4c09q8Dlik=
github.com/gammazero/deque v0.1.0/go.mod h1:KQw7vFau1hHuM8xmI9RbgKFbAsQFWmBpqQ2KenFLk6M=
golang.org/x/sync v0.0.0-20200317015054-43a5402ce75a h1:WXEvlFVvvGxCJLG6REjsT03iWnKLEWinaScsxF2Vm2o=
golang.org/x/sync v0.0.0-20200317015054-43a5402ce75a/go.mod h1:RxMgew5VJxzue5/jJTE5uejpjVlOe/izrB70Jof72aM=
